
Microsoft Visual Studio Solution File, Format Version 12.00
# Visual Studio Version 17
VisualStudioVersion = 17.0.31903.59
MinimumVisualStudioVersion = 10.0.40219.1
Project("{2150E333-8FDC-42A3-9474-1A3956D46DE8}") = "Services", "Services", "{5854FF58-B8C5-05C6-5BF2-ACE42193F22B}"
EndProject
Project("{2150E333-8FDC-42A3-9474-1A3956D46DE8}") = "ECommerce", "ECommerce", "{9A8AC694-D6FF-CE71-FDD3-830A93C04A5B}"
EndProject
Project("{FAE04EC0-301F-11D3-BF4B-00C04F79EFBC}") = "ECommerceService.Api", "Services\ECommerce\ECommerceService.Api\ECommerceService.Api.csproj", "{2E9A4E87-ABE3-46A8-AE70-94CDA95F16D0}"
EndProject
Project("{FAE04EC0-301F-11D3-BF4B-00C04F79EFBC}") = "ECommerceService.Application", "Services\ECommerce\ECommerceService.Application\ECommerceService.Application.csproj", "{27B3F3F6-E687-440B-8637-3D4C1209399E}"
EndProject
Project("{FAE04EC0-301F-11D3-BF4B-00C04F79EFBC}") = "ECommerceService.Domain", "Services\ECommerce\ECommerceService.Domain\ECommerceService.Domain.csproj", "{8C952566-BD50-4933-A6A1-D97A9E6EA4DD}"
EndProject
Project("{FAE04EC0-301F-11D3-BF4B-00C04F79EFBC}") = "ECommerceService.Infrastructure", "Services\ECommerce\ECommerceService.Infrastructure\ECommerceService.Infrastructure.csproj", "{82FD09A4-C25B-4A05-8A5C-51F7028A34C9}"
EndProject
Project("{2150E333-8FDC-42A3-9474-1A3956D46DE8}") = "Delivery", "Delivery", "{269E2EEF-A70D-B8BE-4352-54CF8C86B016}"
EndProject
Project("{FAE04EC0-301F-11D3-BF4B-00C04F79EFBC}") = "DeliveryService.Api", "Services\Delivery\DeliveryService.Api\DeliveryService.Api.csproj", "{30BDBF28-C326-40C8-9906-1A4428267D6B}"
EndProject
Project("{FAE04EC0-301F-11D3-BF4B-00C04F79EFBC}") = "DeliveryService.Application", "Services\Delivery\DeliveryService.Application\DeliveryService.Application.csproj", "{DA8628DF-4B6E-4C0F-B877-E61A9AE1BBD4}"
EndProject
Project("{FAE04EC0-301F-11D3-BF4B-00C04F79EFBC}") = "DeliveryService.Domain", "Services\Delivery\DeliveryService.Domain\DeliveryService.Domain.csproj", "{CA6FAAC7-7CBB-4F57-8454-66F58E6A8C8C}"
EndProject
Project("{FAE04EC0-301F-11D3-BF4B-00C04F79EFBC}") = "DeliveryService.Infrastructure", "Services\Delivery\DeliveryService.Infrastructure\DeliveryService.Infrastructure.csproj", "{27F5CC35-CFC5-4C9E-B871-F2E3FC8CD63B}"
EndProject
Project("{2150E333-8FDC-42A3-9474-1A3956D46DE8}") = "BuildingBlocks", "BuildingBlocks", "{7266C4A9-E384-DC00-0EB6-47F6002CFBA7}"
EndProject
Project("{FAE04EC0-301F-11D3-BF4B-00C04F79EFBC}") = "SharedKernel", "BuildingBlocks\SharedKernel\SharedKernel.csproj", "{D00FC6F0-0443-4A1F-AE44-1A9AE33CE90E}"
EndProject
Project("{FAE04EC0-301F-11D3-BF4B-00C04F79EFBC}") = "Common", "BuildingBlocks\Common\Common.csproj", "{C9488184-A8DC-470B-968C-C55A56AB1162}"
EndProject
Project("{FAE04EC0-301F-11D3-BF4B-00C04F79EFBC}") = "DataAccess", "BuildingBlocks\DataAccess\DataAccess.csproj", "{7C46ADEE-2054-44C7-A178-752E029F4BA8}"
EndProject
Project("{FAE04EC0-301F-11D3-BF4B-00C04F79EFBC}") = "Logging", "Logging\Logging.csproj", "{BF9BCC44-1E02-4B2D-824C-A453197DD1CE}"
EndProject
Global
	GlobalSection(SolutionConfigurationPlatforms) = preSolution
		Debug|Any CPU = Debug|Any CPU
		Debug|x64 = Debug|x64
		Debug|x86 = Debug|x86
		Release|Any CPU = Release|Any CPU
		Release|x64 = Release|x64
		Release|x86 = Release|x86
	EndGlobalSection
	GlobalSection(ProjectConfigurationPlatforms) = postSolution
		{2E9A4E87-ABE3-46A8-AE70-94CDA95F16D0}.Debug|Any CPU.ActiveCfg = Debug|Any CPU
		{2E9A4E87-ABE3-46A8-AE70-94CDA95F16D0}.Debug|Any CPU.Build.0 = Debug|Any CPU
		{2E9A4E87-ABE3-46A8-AE70-94CDA95F16D0}.Debug|x64.ActiveCfg = Debug|Any CPU
		{2E9A4E87-ABE3-46A8-AE70-94CDA95F16D0}.Debug|x64.Build.0 = Debug|Any CPU
		{2E9A4E87-ABE3-46A8-AE70-94CDA95F16D0}.Debug|x86.ActiveCfg = Debug|Any CPU
		{2E9A4E87-ABE3-46A8-AE70-94CDA95F16D0}.Debug|x86.Build.0 = Debug|Any CPU
		{2E9A4E87-ABE3-46A8-AE70-94CDA95F16D0}.Release|Any CPU.ActiveCfg = Release|Any CPU
		{2E9A4E87-ABE3-46A8-AE70-94CDA95F16D0}.Release|Any CPU.Build.0 = Release|Any CPU
		{2E9A4E87-ABE3-46A8-AE70-94CDA95F16D0}.Release|x64.ActiveCfg = Release|Any CPU
		{2E9A4E87-ABE3-46A8-AE70-94CDA95F16D0}.Release|x64.Build.0 = Release|Any CPU
		{2E9A4E87-ABE3-46A8-AE70-94CDA95F16D0}.Release|x86.ActiveCfg = Release|Any CPU
		{2E9A4E87-ABE3-46A8-AE70-94CDA95F16D0}.Release|x86.Build.0 = Release|Any CPU
		{27B3F3F6-E687-440B-8637-3D4C1209399E}.Debug|Any CPU.ActiveCfg = Debug|Any CPU
		{27B3F3F6-E687-440B-8637-3D4C1209399E}.Debug|Any CPU.Build.0 = Debug|Any CPU
		{27B3F3F6-E687-440B-8637-3D4C1209399E}.Debug|x64.ActiveCfg = Debug|Any CPU
		{27B3F3F6-E687-440B-8637-3D4C1209399E}.Debug|x64.Build.0 = Debug|Any CPU
		{27B3F3F6-E687-440B-8637-3D4C1209399E}.Debug|x86.ActiveCfg = Debug|Any CPU
		{27B3F3F6-E687-440B-8637-3D4C1209399E}.Debug|x86.Build.0 = Debug|Any CPU
		{27B3F3F6-E687-440B-8637-3D4C1209399E}.Release|Any CPU.ActiveCfg = Release|Any CPU
		{27B3F3F6-E687-440B-8637-3D4C1209399E}.Release|Any CPU.Build.0 = Release|Any CPU
		{27B3F3F6-E687-440B-8637-3D4C1209399E}.Release|x64.ActiveCfg = Release|Any CPU
		{27B3F3F6-E687-440B-8637-3D4C1209399E}.Release|x64.Build.0 = Release|Any CPU
		{27B3F3F6-E687-440B-8637-3D4C1209399E}.Release|x86.ActiveCfg = Release|Any CPU
		{27B3F3F6-E687-440B-8637-3D4C1209399E}.Release|x86.Build.0 = Release|Any CPU
		{8C952566-BD50-4933-A6A1-D97A9E6EA4DD}.Debug|Any CPU.ActiveCfg = Debug|Any CPU
		{8C952566-BD50-4933-A6A1-D97A9E6EA4DD}.Debug|Any CPU.Build.0 = Debug|Any CPU
		{8C952566-BD50-4933-A6A1-D97A9E6EA4DD}.Debug|x64.ActiveCfg = Debug|Any CPU
		{8C952566-BD50-4933-A6A1-D97A9E6EA4DD}.Debug|x64.Build.0 = Debug|Any CPU
		{8C952566-BD50-4933-A6A1-D97A9E6EA4DD}.Debug|x86.ActiveCfg = Debug|Any CPU
		{8C952566-BD50-4933-A6A1-D97A9E6EA4DD}.Debug|x86.Build.0 = Debug|Any CPU
		{8C952566-BD50-4933-A6A1-D97A9E6EA4DD}.Release|Any CPU.ActiveCfg = Release|Any CPU
		{8C952566-BD50-4933-A6A1-D97A9E6EA4DD}.Release|Any CPU.Build.0 = Release|Any CPU
		{8C952566-BD50-4933-A6A1-D97A9E6EA4DD}.Release|x64.ActiveCfg = Release|Any CPU
		{8C952566-BD50-4933-A6A1-D97A9E6EA4DD}.Release|x64.Build.0 = Release|Any CPU
		{8C952566-BD50-4933-A6A1-D97A9E6EA4DD}.Release|x86.ActiveCfg = Release|Any CPU
		{8C952566-BD50-4933-A6A1-D97A9E6EA4DD}.Release|x86.Build.0 = Release|Any CPU
		{82FD09A4-C25B-4A05-8A5C-51F7028A34C9}.Debug|Any CPU.ActiveCfg = Debug|Any CPU
		{82FD09A4-C25B-4A05-8A5C-51F7028A34C9}.Debug|Any CPU.Build.0 = Debug|Any CPU
		{82FD09A4-C25B-4A05-8A5C-51F7028A34C9}.Debug|x64.ActiveCfg = Debug|Any CPU
		{82FD09A4-C25B-4A05-8A5C-51F7028A34C9}.Debug|x64.Build.0 = Debug|Any CPU
		{82FD09A4-C25B-4A05-8A5C-51F7028A34C9}.Debug|x86.ActiveCfg = Debug|Any CPU
		{82FD09A4-C25B-4A05-8A5C-51F7028A34C9}.Debug|x86.Build.0 = Debug|Any CPU
		{82FD09A4-C25B-4A05-8A5C-51F7028A34C9}.Release|Any CPU.ActiveCfg = Release|Any CPU
		{82FD09A4-C25B-4A05-8A5C-51F7028A34C9}.Release|Any CPU.Build.0 = Release|Any CPU
		{82FD09A4-C25B-4A05-8A5C-51F7028A34C9}.Release|x64.ActiveCfg = Release|Any CPU
		{82FD09A4-C25B-4A05-8A5C-51F7028A34C9}.Release|x64.Build.0 = Release|Any CPU
		{82FD09A4-C25B-4A05-8A5C-51F7028A34C9}.Release|x86.ActiveCfg = Release|Any CPU
		{82FD09A4-C25B-4A05-8A5C-51F7028A34C9}.Release|x86.Build.0 = Release|Any CPU
		{30BDBF28-C326-40C8-9906-1A4428267D6B}.Debug|Any CPU.ActiveCfg = Debug|Any CPU
		{30BDBF28-C326-40C8-9906-1A4428267D6B}.Debug|Any CPU.Build.0 = Debug|Any CPU
		{30BDBF28-C326-40C8-9906-1A4428267D6B}.Debug|x64.ActiveCfg = Debug|Any CPU
		{30BDBF28-C326-40C8-9906-1A4428267D6B}.Debug|x64.Build.0 = Debug|Any CPU
		{30BDBF28-C326-40C8-9906-1A4428267D6B}.Debug|x86.ActiveCfg = Debug|Any CPU
		{30BDBF28-C326-40C8-9906-1A4428267D6B}.Debug|x86.Build.0 = Debug|Any CPU
		{30BDBF28-C326-40C8-9906-1A4428267D6B}.Release|Any CPU.ActiveCfg = Release|Any CPU
		{30BDBF28-C326-40C8-9906-1A4428267D6B}.Release|Any CPU.Build.0 = Release|Any CPU
		{30BDBF28-C326-40C8-9906-1A4428267D6B}.Release|x64.ActiveCfg = Release|Any CPU
		{30BDBF28-C326-40C8-9906-1A4428267D6B}.Release|x64.Build.0 = Release|Any CPU
		{30BDBF28-C326-40C8-9906-1A4428267D6B}.Release|x86.ActiveCfg = Release|Any CPU
		{30BDBF28-C326-40C8-9906-1A4428267D6B}.Release|x86.Build.0 = Release|Any CPU
		{DA8628DF-4B6E-4C0F-B877-E61A9AE1BBD4}.Debug|Any CPU.ActiveCfg = Debug|Any CPU
		{DA8628DF-4B6E-4C0F-B877-E61A9AE1BBD4}.Debug|Any CPU.Build.0 = Debug|Any CPU
		{DA8628DF-4B6E-4C0F-B877-E61A9AE1BBD4}.Debug|x64.ActiveCfg = Debug|Any CPU
		{DA8628DF-4B6E-4C0F-B877-E61A9AE1BBD4}.Debug|x64.Build.0 = Debug|Any CPU
		{DA8628DF-4B6E-4C0F-B877-E61A9AE1BBD4}.Debug|x86.ActiveCfg = Debug|Any CPU
		{DA8628DF-4B6E-4C0F-B877-E61A9AE1BBD4}.Debug|x86.Build.0 = Debug|Any CPU
		{DA8628DF-4B6E-4C0F-B877-E61A9AE1BBD4}.Release|Any CPU.ActiveCfg = Release|Any CPU
		{DA8628DF-4B6E-4C0F-B877-E61A9AE1BBD4}.Release|Any CPU.Build.0 = Release|Any CPU
		{DA8628DF-4B6E-4C0F-B877-E61A9AE1BBD4}.Release|x64.ActiveCfg = Release|Any CPU
		{DA8628DF-4B6E-4C0F-B877-E61A9AE1BBD4}.Release|x64.Build.0 = Release|Any CPU
		{DA8628DF-4B6E-4C0F-B877-E61A9AE1BBD4}.Release|x86.ActiveCfg = Release|Any CPU
		{DA8628DF-4B6E-4C0F-B877-E61A9AE1BBD4}.Release|x86.Build.0 = Release|Any CPU
		{CA6FAAC7-7CBB-4F57-8454-66F58E6A8C8C}.Debug|Any CPU.ActiveCfg = Debug|Any CPU
		{CA6FAAC7-7CBB-4F57-8454-66F58E6A8C8C}.Debug|Any CPU.Build.0 = Debug|Any CPU
		{CA6FAAC7-7CBB-4F57-8454-66F58E6A8C8C}.Debug|x64.ActiveCfg = Debug|Any CPU
		{CA6FAAC7-7CBB-4F57-8454-66F58E6A8C8C}.Debug|x64.Build.0 = Debug|Any CPU
		{CA6FAAC7-7CBB-4F57-8454-66F58E6A8C8C}.Debug|x86.ActiveCfg = Debug|Any CPU
		{CA6FAAC7-7CBB-4F57-8454-66F58E6A8C8C}.Debug|x86.Build.0 = Debug|Any CPU
		{CA6FAAC7-7CBB-4F57-8454-66F58E6A8C8C}.Release|Any CPU.ActiveCfg = Release|Any CPU
		{CA6FAAC7-7CBB-4F57-8454-66F58E6A8C8C}.Release|Any CPU.Build.0 = Release|Any CPU
		{CA6FAAC7-7CBB-4F57-8454-66F58E6A8C8C}.Release|x64.ActiveCfg = Release|Any CPU
		{CA6FAAC7-7CBB-4F57-8454-66F58E6A8C8C}.Release|x64.Build.0 = Release|Any CPU
		{CA6FAAC7-7CBB-4F57-8454-66F58E6A8C8C}.Release|x86.ActiveCfg = Release|Any CPU
		{CA6FAAC7-7CBB-4F57-8454-66F58E6A8C8C}.Release|x86.Build.0 = Release|Any CPU
		{27F5CC35-CFC5-4C9E-B871-F2E3FC8CD63B}.Debug|Any CPU.ActiveCfg = Debug|Any CPU
		{27F5CC35-CFC5-4C9E-B871-F2E3FC8CD63B}.Debug|Any CPU.Build.0 = Debug|Any CPU
		{27F5CC35-CFC5-4C9E-B871-F2E3FC8CD63B}.Debug|x64.ActiveCfg = Debug|Any CPU
		{27F5CC35-CFC5-4C9E-B871-F2E3FC8CD63B}.Debug|x64.Build.0 = Debug|Any CPU
		{27F5CC35-CFC5-4C9E-B871-F2E3FC8CD63B}.Debug|x86.ActiveCfg = Debug|Any CPU
		{27F5CC35-CFC5-4C9E-B871-F2E3FC8CD63B}.Debug|x86.Build.0 = Debug|Any CPU
		{27F5CC35-CFC5-4C9E-B871-F2E3FC8CD63B}.Release|Any CPU.ActiveCfg = Release|Any CPU
		{27F5CC35-CFC5-4C9E-B871-F2E3FC8CD63B}.Release|Any CPU.Build.0 = Release|Any CPU
		{27F5CC35-CFC5-4C9E-B871-F2E3FC8CD63B}.Release|x64.ActiveCfg = Release|Any CPU
		{27F5CC35-CFC5-4C9E-B871-F2E3FC8CD63B}.Release|x64.Build.0 = Release|Any CPU
		{27F5CC35-CFC5-4C9E-B871-F2E3FC8CD63B}.Release|x86.ActiveCfg = Release|Any CPU
		{27F5CC35-CFC5-4C9E-B871-F2E3FC8CD63B}.Release|x86.Build.0 = Release|Any CPU
		{D00FC6F0-0443-4A1F-AE44-1A9AE33CE90E}.Debug|Any CPU.ActiveCfg = Debug|Any CPU
		{D00FC6F0-0443-4A1F-AE44-1A9AE33CE90E}.Debug|Any CPU.Build.0 = Debug|Any CPU
		{D00FC6F0-0443-4A1F-AE44-1A9AE33CE90E}.Debug|x64.ActiveCfg = Debug|Any CPU
		{D00FC6F0-0443-4A1F-AE44-1A9AE33CE90E}.Debug|x64.Build.0 = Debug|Any CPU
		{D00FC6F0-0443-4A1F-AE44-1A9AE33CE90E}.Debug|x86.ActiveCfg = Debug|Any CPU
		{D00FC6F0-0443-4A1F-AE44-1A9AE33CE90E}.Debug|x86.Build.0 = Debug|Any CPU
		{D00FC6F0-0443-4A1F-AE44-1A9AE33CE90E}.Release|Any CPU.ActiveCfg = Release|Any CPU
		{D00FC6F0-0443-4A1F-AE44-1A9AE33CE90E}.Release|Any CPU.Build.0 = Release|Any CPU
		{D00FC6F0-0443-4A1F-AE44-1A9AE33CE90E}.Release|x64.ActiveCfg = Release|Any CPU
		{D00FC6F0-0443-4A1F-AE44-1A9AE33CE90E}.Release|x64.Build.0 = Release|Any CPU
		{D00FC6F0-0443-4A1F-AE44-1A9AE33CE90E}.Release|x86.ActiveCfg = Release|Any CPU
		{D00FC6F0-0443-4A1F-AE44-1A9AE33CE90E}.Release|x86.Build.0 = Release|Any CPU
		{C9488184-A8DC-470B-968C-C55A56AB1162}.Debug|Any CPU.ActiveCfg = Debug|Any CPU
		{C9488184-A8DC-470B-968C-C55A56AB1162}.Debug|Any CPU.Build.0 = Debug|Any CPU
		{C9488184-A8DC-470B-968C-C55A56AB1162}.Debug|x64.ActiveCfg = Debug|Any CPU
		{C9488184-A8DC-470B-968C-C55A56AB1162}.Debug|x64.Build.0 = Debug|Any CPU
		{C9488184-A8DC-470B-968C-C55A56AB1162}.Debug|x86.ActiveCfg = Debug|Any CPU
		{C9488184-A8DC-470B-968C-C55A56AB1162}.Debug|x86.Build.0 = Debug|Any CPU
		{C9488184-A8DC-470B-968C-C55A56AB1162}.Release|Any CPU.ActiveCfg = Release|Any CPU
		{C9488184-A8DC-470B-968C-C55A56AB1162}.Release|Any CPU.Build.0 = Release|Any CPU
		{C9488184-A8DC-470B-968C-C55A56AB1162}.Release|x64.ActiveCfg = Release|Any CPU
		{C9488184-A8DC-470B-968C-C55A56AB1162}.Release|x64.Build.0 = Release|Any CPU
		{C9488184-A8DC-470B-968C-C55A56AB1162}.Release|x86.ActiveCfg = Release|Any CPU
		{C9488184-A8DC-470B-968C-C55A56AB1162}.Release|x86.Build.0 = Release|Any CPU
		{7C46ADEE-2054-44C7-A178-752E029F4BA8}.Debug|Any CPU.ActiveCfg = Debug|Any CPU
		{7C46ADEE-2054-44C7-A178-752E029F4BA8}.Debug|Any CPU.Build.0 = Debug|Any CPU
		{7C46ADEE-2054-44C7-A178-752E029F4BA8}.Debug|x64.ActiveCfg = Debug|Any CPU
		{7C46ADEE-2054-44C7-A178-752E029F4BA8}.Debug|x64.Build.0 = Debug|Any CPU
		{7C46ADEE-2054-44C7-A178-752E029F4BA8}.Debug|x86.ActiveCfg = Debug|Any CPU
		{7C46ADEE-2054-44C7-A178-752E029F4BA8}.Debug|x86.Build.0 = Debug|Any CPU
		{7C46ADEE-2054-44C7-A178-752E029F4BA8}.Release|Any CPU.ActiveCfg = Release|Any CPU
		{7C46ADEE-2054-44C7-A178-752E029F4BA8}.Release|Any CPU.Build.0 = Release|Any CPU
		{7C46ADEE-2054-44C7-A178-752E029F4BA8}.Release|x64.ActiveCfg = Release|Any CPU
		{7C46ADEE-2054-44C7-A178-752E029F4BA8}.Release|x64.Build.0 = Release|Any CPU
		{7C46ADEE-2054-44C7-A178-752E029F4BA8}.Release|x86.ActiveCfg = Release|Any CPU
		{7C46ADEE-2054-44C7-A178-752E029F4BA8}.Release|x86.Build.0 = Release|Any CPU
		{BF9BCC44-1E02-4B2D-824C-A453197DD1CE}.Debug|Any CPU.ActiveCfg = Debug|Any CPU
		{BF9BCC44-1E02-4B2D-824C-A453197DD1CE}.Debug|Any CPU.Build.0 = Debug|Any CPU
		{BF9BCC44-1E02-4B2D-824C-A453197DD1CE}.Debug|x64.ActiveCfg = Debug|Any CPU
		{BF9BCC44-1E02-4B2D-824C-A453197DD1CE}.Debug|x64.Build.0 = Debug|Any CPU
		{BF9BCC44-1E02-4B2D-824C-A453197DD1CE}.Debug|x86.ActiveCfg = Debug|Any CPU
		{BF9BCC44-1E02-4B2D-824C-A453197DD1CE}.Debug|x86.Build.0 = Debug|Any CPU
		{BF9BCC44-1E02-4B2D-824C-A453197DD1CE}.Release|Any CPU.ActiveCfg = Release|Any CPU
		{BF9BCC44-1E02-4B2D-824C-A453197DD1CE}.Release|Any CPU.Build.0 = Release|Any CPU
		{BF9BCC44-1E02-4B2D-824C-A453197DD1CE}.Release|x64.ActiveCfg = Release|Any CPU
		{BF9BCC44-1E02-4B2D-824C-A453197DD1CE}.Release|x64.Build.0 = Release|Any CPU
		{BF9BCC44-1E02-4B2D-824C-A453197DD1CE}.Release|x86.ActiveCfg = Release|Any CPU
		{BF9BCC44-1E02-4B2D-824C-A453197DD1CE}.Release|x86.Build.0 = Release|Any CPU
	EndGlobalSection
	GlobalSection(SolutionProperties) = preSolution
		HideSolutionNode = FALSE
	EndGlobalSection
	GlobalSection(NestedProjects) = preSolution
		{9A8AC694-D6FF-CE71-FDD3-830A93C04A5B} = {5854FF58-B8C5-05C6-5BF2-ACE42193F22B}
		{2E9A4E87-ABE3-46A8-AE70-94CDA95F16D0} = {9A8AC694-D6FF-CE71-FDD3-830A93C04A5B}
		{27B3F3F6-E687-440B-8637-3D4C1209399E} = {9A8AC694-D6FF-CE71-FDD3-830A93C04A5B}
		{8C952566-BD50-4933-A6A1-D97A9E6EA4DD} = {9A8AC694-D6FF-CE71-FDD3-830A93C04A5B}
		{82FD09A4-C25B-4A05-8A5C-51F7028A34C9} = {9A8AC694-D6FF-CE71-FDD3-830A93C04A5B}
		{269E2EEF-A70D-B8BE-4352-54CF8C86B016} = {5854FF58-B8C5-05C6-5BF2-ACE42193F22B}
		{30BDBF28-C326-40C8-9906-1A4428267D6B} = {269E2EEF-A70D-B8BE-4352-54CF8C86B016}
		{DA8628DF-4B6E-4C0F-B877-E61A9AE1BBD4} = {269E2EEF-A70D-B8BE-4352-54CF8C86B016}
		{CA6FAAC7-7CBB-4F57-8454-66F58E6A8C8C} = {269E2EEF-A70D-B8BE-4352-54CF8C86B016}
		{27F5CC35-CFC5-4C9E-B871-F2E3FC8CD63B} = {269E2EEF-A70D-B8BE-4352-54CF8C86B016}
		{D00FC6F0-0443-4A1F-AE44-1A9AE33CE90E} = {7266C4A9-E384-DC00-0EB6-47F6002CFBA7}
		{C9488184-A8DC-470B-968C-C55A56AB1162} = {7266C4A9-E384-DC00-0EB6-47F6002CFBA7}
		{7C46ADEE-2054-44C7-A178-752E029F4BA8} = {7266C4A9-E384-DC00-0EB6-47F6002CFBA7}
		{BF9BCC44-1E02-4B2D-824C-A453197DD1CE} = {7266C4A9-E384-DC00-0EB6-47F6002CFBA7}
	EndGlobalSection
	GlobalSection(ExtensibilityGlobals) = postSolution
		SolutionGuid = {AC743C6B-5A09-42C0-8EA4-42FD85BA20B5}
	EndGlobalSection
EndGlobal
